
Microsoft Visual Studio Solution File, Format Version 12.00
# Visual Studio Version 17
VisualStudioVersion = 17.6.33829.357
MinimumVisualStudioVersion = 10.0.40219.1
Project("{9A19103F-16F7-4668-BE54-9A1E7A4F7556}") = "Recipes_MediatR", "Recipes_MediatR\Recipes_MediatR.csproj", "{A71FAF79-0AC5-4538-91A1-F52DE63820CC}"
EndProject
Project("{9A19103F-16F7-4668-BE54-9A1E7A4F7556}") = "Recipes_MediatR.API", "Recipes_MediatR.API\Recipes_MediatR.API.csproj", "{4E956C5D-5E58-4E5C-B30A-FEEADD93AB3A}"
EndProject
Project("{FAE04EC0-301F-11D3-BF4B-00C04F79EFBC}") = "Recipes_MediatR.UI", "Recipes_MediatR.UI\Recipes_MediatR.UI.csproj", "{ACD7B0DA-045D-4320-A712-5DF398EA1689}"
EndProject
Global
	GlobalSection(SolutionConfigurationPlatforms) = preSolution
		Debug|Any CPU = Debug|Any CPU
		Release|Any CPU = Release|Any CPU
	EndGlobalSection
	GlobalSection(ProjectConfigurationPlatforms) = postSolution
		{A71FAF79-0AC5-4538-91A1-F52DE63820CC}.Debug|Any CPU.ActiveCfg = Debug|Any CPU
		{A71FAF79-0AC5-4538-91A1-F52DE63820CC}.Debug|Any CPU.Build.0 = Debug|Any CPU
		{A71FAF79-0AC5-4538-91A1-F52DE63820CC}.Release|Any CPU.ActiveCfg = Release|Any CPU
		{A71FAF79-0AC5-4538-91A1-F52DE63820CC}.Release|Any CPU.Build.0 = Release|Any CPU
		{4E956C5D-5E58-4E5C-B30A-FEEADD93AB3A}.Debug|Any CPU.ActiveCfg = Debug|Any CPU
		{4E956C5D-5E58-4E5C-B30A-FEEADD93AB3A}.Debug|Any CPU.Build.0 = Debug|Any CPU
		{4E956C5D-5E58-4E5C-B30A-FEEADD93AB3A}.Release|Any CPU.ActiveCfg = Release|Any CPU
		{4E956C5D-5E58-4E5C-B30A-FEEADD93AB3A}.Release|Any CPU.Build.0 = Release|Any CPU
		{ACD7B0DA-045D-4320-A712-5DF398EA1689}.Debug|Any CPU.ActiveCfg = Debug|Any CPU
		{ACD7B0DA-045D-4320-A712-5DF398EA1689}.Debug|Any CPU.Build.0 = Debug|Any CPU
		{ACD7B0DA-045D-4320-A712-5DF398EA1689}.Release|Any CPU.ActiveCfg = Release|Any CPU
		{ACD7B0DA-045D-4320-A712-5DF398EA1689}.Release|Any CPU.Build.0 = Release|Any CPU
	EndGlobalSection
	GlobalSection(SolutionProperties) = preSolution
		HideSolutionNode = FALSE
	EndGlobalSection
	GlobalSection(ExtensibilityGlobals) = postSolution
		SolutionGuid = {8A0FD6F6-9FEE-48E4-96C7-D7216FBE1F46}
	EndGlobalSection
EndGlobal
